
Microsoft Visual Studio Solution File, Format Version 12.00
# Visual Studio Version 17
VisualStudioVersion = 17.6.33801.468
MinimumVisualStudioVersion = 10.0.40219.1
Project("{FAE04EC0-301F-11D3-BF4B-00C04F79EFBC}") = "BracketPairing", "BracketPairing\BracketPairing.csproj", "{601D31C0-5CDF-4139-8603-DFBC3F881199}"
EndProject
Project("{FAE04EC0-301F-11D3-BF4B-00C04F79EFBC}") = "BracketPairing.Test", "BracketPairing.Test\BracketPairing.Test.csproj", "{BF0B7309-FF87-4CA4-945B-601380A49954}"
EndProject
Global
	GlobalSection(SolutionConfigurationPlatforms) = preSolution
		Debug|Any CPU = Debug|Any CPU
		Release|Any CPU = Release|Any CPU
	EndGlobalSection
	GlobalSection(ProjectConfigurationPlatforms) = postSolution
		{601D31C0-5CDF-4139-8603-DFBC3F881199}.Debug|Any CPU.ActiveCfg = Debug|Any CPU
		{601D31C0-5CDF-4139-8603-DFBC3F881199}.Debug|Any CPU.Build.0 = Debug|Any CPU
		{601D31C0-5CDF-4139-8603-DFBC3F881199}.Release|Any CPU.ActiveCfg = Release|Any CPU
		{601D31C0-5CDF-4139-8603-DFBC3F881199}.Release|Any CPU.Build.0 = Release|Any CPU
		{BF0B7309-FF87-4CA4-945B-601380A49954}.Debug|Any CPU.ActiveCfg = Debug|Any CPU
		{BF0B7309-FF87-4CA4-945B-601380A49954}.Debug|Any CPU.Build.0 = Debug|Any CPU
		{BF0B7309-FF87-4CA4-945B-601380A49954}.Release|Any CPU.ActiveCfg = Release|Any CPU
		{BF0B7309-FF87-4CA4-945B-601380A49954}.Release|Any CPU.Build.0 = Release|Any CPU
	EndGlobalSection
	GlobalSection(SolutionProperties) = preSolution
		HideSolutionNode = FALSE
	EndGlobalSection
	GlobalSection(ExtensibilityGlobals) = postSolution
		SolutionGuid = {44D9C5FC-6E71-4FDB-BBBA-A025002E1690}
	EndGlobalSection
EndGlobal
